#MicroXplorer Configuration settings - do not modify
File.Version=6
GPIO.groupedBy=Group By Peripherals
KeepUserPlacement=false
Mcu.Family=STM32L0
Mcu.IP0=ADC
Mcu.IP1=NVIC
Mcu.IP2=RCC
Mcu.IP3=SYS
Mcu.IP4=TIM2
Mcu.IP5=TIM21
Mcu.IPNb=6
Mcu.Name=STM32L011F(3-4)Px
Mcu.Package=TSSOP20
Mcu.Pin0=PA2
Mcu.Pin1=PA5
Mcu.Pin2=PA6
Mcu.Pin3=PA13
Mcu.Pin4=PA14
Mcu.Pin5=VP_SYS_VS_Systick
Mcu.PinsNb=6
Mcu.ThirdPartyNb=0
Mcu.UserConstants=
Mcu.UserName=STM32L011F3Px
MxCube.Version=6.2.1
MxDb.Version=DB.6.0.21
NVIC.ForceEnableDMAVector=true
NVIC.HardFault_IRQn=true\:0\:0\:false\:false\:true\:false\:false
NVIC.NonMaskableInt_IRQn=true\:0\:0\:false\:false\:true\:false\:false
NVIC.PendSV_IRQn=true\:0\:0\:false\:false\:true\:false\:false
NVIC.SVC_IRQn=true\:0\:0\:false\:false\:true\:false\:false
NVIC.SysTick_IRQn=true\:0\:0\:false\:false\:true\:false\:true
PA13.Mode=Serial_Wire
PA13.Signal=SYS_SWDIO
PA14.Mode=Serial_Wire
PA14.Signal=SYS_SWCLK
PA2.Signal=S_TIM21_CH1
PA5.Signal=S_TIM2_CH1
PA6.Locked=true
PA6.Mode=IN6
PA6.Signal=ADC_IN6
PCC.Checker=true
PCC.Line=STM32L0x1
PCC.MCU=STM32L011F(3-4)Px
PCC.PartNumber=STM32L011F3Px
PCC.Seq0=2
PCC.Seq0.Step0.Average_Current=5.45 mA
PCC.Seq0.Step0.CPU_Frequency=32 MHz
PCC.Seq0.Step0.Category=In DS Table
PCC.Seq0.Step0.DMIPS=30.0
PCC.Seq0.Step0.Duration=0.1 ms
PCC.Seq0.Step0.Frequency=16 MHz
PCC.Seq0.Step0.Memory=FLASH/PREFETCH
PCC.Seq0.Step0.Mode=RUN
PCC.Seq0.Step0.Oscillator=HSI PLL2 Flash-ON
PCC.Seq0.Step0.Peripherals=
PCC.Seq0.Step0.TaMax=103.79
PCC.Seq0.Step0.User's_Consumption=0 mA
PCC.Seq0.Step0.Vcore=Range1-High
PCC.Seq0.Step0.Vdd=3.0
PCC.Seq0.Step0.Voltage_Source=Battery
PCC.Seq0.Step1.Average_Current=5.7 mA
PCC.Seq0.Step1.CPU_Frequency=32 MHz
PCC.Seq0.Step1.Category=Measurements
PCC.Seq0.Step1.DMIPS=30.4
PCC.Seq0.Step1.Duration=1 s
PCC.Seq0.Step1.Frequency=16 MHz
PCC.Seq0.Step1.Memory=FLASH
PCC.Seq0.Step1.Mode=RUN
PCC.Seq0.Step1.Oscillator=HSI PLL2 Flash-ON
PCC.Seq0.Step1.Peripherals=ADC\:fs_10_ksps GPIOA GPIOB IWDG TIM2 TIM21
PCC.Seq0.Step1.TaMax=103.73
PCC.Seq0.Step1.User's_Consumption=0 mA
PCC.Seq0.Step1.Vcore=Range1-High
PCC.Seq0.Step1.Vdd=3.0
PCC.Seq0.Step1.Voltage_Source=Battery
PCC.Series=STM32L0
PCC.Temperature=25
PCC.Vdd=3.0
PinOutPanel.RotationAngle=0
ProjectManager.AskForMigrate=true
ProjectManager.BackupPrevious=false
ProjectManager.CompilerOptimize=6
ProjectManager.ComputerToolchain=false
ProjectManager.CoupleFile=false
ProjectManager.CustomerFirmwarePackage=
ProjectManager.DefaultFWLocation=true
ProjectManager.DeletePrevious=true
ProjectManager.DeviceId=STM32L011F3Px
ProjectManager.FirmwarePackage=STM32Cube FW_L0 V1.12.0
ProjectManager.FreePins=false
ProjectManager.HalAssertFull=false
ProjectManager.HeapSize=0x200
ProjectManager.KeepUserCode=true
ProjectManager.LastFirmware=true
ProjectManager.LibraryCopy=0
ProjectManager.MainLocation=Core/Src
ProjectManager.NoMain=false
ProjectManager.PreviousToolchain=
ProjectManager.ProjectBuild=false
ProjectManager.ProjectFileName=firmware.ioc
ProjectManager.ProjectName=firmware
ProjectManager.RegisterCallBack=
ProjectManager.StackSize=0x400
ProjectManager.TargetToolchain=EWARM V8.32
ProjectManager.ToolChainLocation=
ProjectManager.UnderRoot=false
ProjectManager.functionlistsort=
RCC.AHBFreq_Value=2097000
RCC.APB1Freq_Value=2097000
RCC.APB1TimFreq_Value=2097000
RCC.APB2Freq_Value=2097000
RCC.APB2TimFreq_Value=2097000
RCC.FamilyName=M
RCC.HSE_VALUE=8000000
RCC.HSI16_VALUE=16000000
RCC.HSI_VALUE=16000000
RCC.I2C1Freq_Value=2097000
RCC.IPParameters=AHBFreq_Value,APB1Freq_Value,APB1TimFreq_Value,APB2Freq_Value,APB2TimFreq_Value,FamilyName,HSE_VALUE,HSI16_VALUE,HSI_VALUE,I2C1Freq_Value,LPTIMFreq_Value,LPUARTFreq_Value,LSE_VALUE,LSI_VALUE,MSI_VALUE,PLLCLKFreq_Value,PWRFreq_Value,RTCFreq_Value,RTCHSEDivFreq_Value,SYSCLKFreq_VALUE,TIMFreq_Value,USART2Freq_Value,VCOOutputFreq_Value,WatchDogFreq_Value
RCC.LPTIMFreq_Value=2097000
RCC.LPUARTFreq_Value=2097000
RCC.LSE_VALUE=32768
RCC.LSI_VALUE=37000
RCC.MSI_VALUE=2097000
RCC.PLLCLKFreq_Value=24000000
RCC.PWRFreq_Value=2097000
RCC.RTCFreq_Value=37000
RCC.RTCHSEDivFreq_Value=4000000
RCC.SYSCLKFreq_VALUE=2097000
RCC.TIMFreq_Value=2097000
RCC.USART2Freq_Value=2097000
RCC.VCOOutputFreq_Value=48000000
RCC.WatchDogFreq_Value=37000
SH.S_TIM21_CH1.0=TIM21_CH1,PWM Generation1 CH1
SH.S_TIM21_CH1.ConfNb=1
SH.S_TIM2_CH1.0=TIM2_CH1,PWM Generation1 CH1
SH.S_TIM2_CH1.ConfNb=1
TIM2.Channel-PWM\ Generation1\ CH1=TIM_CHANNEL_1
TIM2.IPParameters=Channel-PWM Generation1 CH1
TIM21.Channel-PWM\ Generation1\ CH1=TIM_CHANNEL_1
TIM21.IPParameters=Channel-PWM Generation1 CH1
VP_SYS_VS_Systick.Mode=SysTick
VP_SYS_VS_Systick.Signal=SYS_VS_Systick
board=custom
